
Microsoft Visual Studio Solution File, Format Version 12.00
# Visual Studio 15
VisualStudioVersion = 15.0.28307.168
MinimumVisualStudioVersion = 10.0.40219.1
Project("{8BC9CEB8-8B4A-11D0-8D11-00A0C91BC942}") = "19-3-28-1（乒乓球赛对手名单）", "19-3-28-1（乒乓球赛对手名单）\19-3-28-1（乒乓球赛对手名单）.vcxproj", "{AB095AC4-D7F2-4432-8F94-146813593FB4}"
EndProject
Global
	GlobalSection(SolutionConfigurationPlatforms) = preSolution
		Debug|x64 = Debug|x64
		Debug|x86 = Debug|x86
		Release|x64 = Release|x64
		Release|x86 = Release|x86
	EndGlobalSection
	GlobalSection(ProjectConfigurationPlatforms) = postSolution
		{AB095AC4-D7F2-4432-8F94-146813593FB4}.Debug|x64.ActiveCfg = Debug|x64
		{AB095AC4-D7F2-4432-8F94-146813593FB4}.Debug|x64.Build.0 = Debug|x64
		{AB095AC4-D7F2-4432-8F94-146813593FB4}.Debug|x86.ActiveCfg = Debug|Win32
		{AB095AC4-D7F2-4432-8F94-146813593FB4}.Debug|x86.Build.0 = Debug|Win32
		{AB095AC4-D7F2-4432-8F94-146813593FB4}.Release|x64.ActiveCfg = Release|x64
		{AB095AC4-D7F2-4432-8F94-146813593FB4}.Release|x64.Build.0 = Release|x64
		{AB095AC4-D7F2-4432-8F94-146813593FB4}.Release|x86.ActiveCfg = Release|Win32
		{AB095AC4-D7F2-4432-8F94-146813593FB4}.Release|x86.Build.0 = Release|Win32
	EndGlobalSection
	GlobalSection(SolutionProperties) = preSolution
		HideSolutionNode = FALSE
	EndGlobalSection
	GlobalSection(ExtensibilityGlobals) = postSolution
		SolutionGuid = {4FF41595-7256-495D-B29A-C6FFB21E58FA}
	EndGlobalSection
EndGlobal
