
Microsoft Visual Studio Solution File, Format Version 12.00
# Visual Studio 15
VisualStudioVersion = 15.0.28307.539
MinimumVisualStudioVersion = 10.0.40219.1
Project("{8BC9CEB8-8B4A-11D0-8D11-00A0C91BC942}") = "19-5-7-3(编写一个new函数,对n个字符分配连续的存储空间)", "19-5-7-3(编写一个new函数,对n个字符分配连续的存储空间)\19-5-7-3(编写一个new函数,对n个字符分配连续的存储空间).vcxproj", "{485F57E7-EC84-4489-9C2D-26ABC1A2904D}"
EndProject
Global
	GlobalSection(SolutionConfigurationPlatforms) = preSolution
		Debug|x64 = Debug|x64
		Debug|x86 = Debug|x86
		Release|x64 = Release|x64
		Release|x86 = Release|x86
	EndGlobalSection
	GlobalSection(ProjectConfigurationPlatforms) = postSolution
		{485F57E7-EC84-4489-9C2D-26ABC1A2904D}.Debug|x64.ActiveCfg = Debug|x64
		{485F57E7-EC84-4489-9C2D-26ABC1A2904D}.Debug|x64.Build.0 = Debug|x64
		{485F57E7-EC84-4489-9C2D-26ABC1A2904D}.Debug|x86.ActiveCfg = Debug|Win32
		{485F57E7-EC84-4489-9C2D-26ABC1A2904D}.Debug|x86.Build.0 = Debug|Win32
		{485F57E7-EC84-4489-9C2D-26ABC1A2904D}.Release|x64.ActiveCfg = Release|x64
		{485F57E7-EC84-4489-9C2D-26ABC1A2904D}.Release|x64.Build.0 = Release|x64
		{485F57E7-EC84-4489-9C2D-26ABC1A2904D}.Release|x86.ActiveCfg = Release|Win32
		{485F57E7-EC84-4489-9C2D-26ABC1A2904D}.Release|x86.Build.0 = Release|Win32
	EndGlobalSection
	GlobalSection(SolutionProperties) = preSolution
		HideSolutionNode = FALSE
	EndGlobalSection
	GlobalSection(ExtensibilityGlobals) = postSolution
		SolutionGuid = {D928DC49-EE3E-4069-AD23-E683B9F71966}
	EndGlobalSection
EndGlobal
