
Microsoft Visual Studio Solution File, Format Version 12.00
# Visual Studio 15
VisualStudioVersion = 15.0.28307.168
MinimumVisualStudioVersion = 10.0.40219.1
Project("{8BC9CEB8-8B4A-11D0-8D11-00A0C91BC942}") = "19-3-29-1（已排好数组，按原来排序方式插入一个数）", "19-3-29-1（已排好数组，按原来排序方式插入一个数）\19-3-29-1（已排好数组，按原来排序方式插入一个数）.vcxproj", "{AF6A820C-72F3-4DD2-BB8F-A26F11EC0DD2}"
EndProject
Global
	GlobalSection(SolutionConfigurationPlatforms) = preSolution
		Debug|x64 = Debug|x64
		Debug|x86 = Debug|x86
		Release|x64 = Release|x64
		Release|x86 = Release|x86
	EndGlobalSection
	GlobalSection(ProjectConfigurationPlatforms) = postSolution
		{AF6A820C-72F3-4DD2-BB8F-A26F11EC0DD2}.Debug|x64.ActiveCfg = Debug|x64
		{AF6A820C-72F3-4DD2-BB8F-A26F11EC0DD2}.Debug|x64.Build.0 = Debug|x64
		{AF6A820C-72F3-4DD2-BB8F-A26F11EC0DD2}.Debug|x86.ActiveCfg = Debug|Win32
		{AF6A820C-72F3-4DD2-BB8F-A26F11EC0DD2}.Debug|x86.Build.0 = Debug|Win32
		{AF6A820C-72F3-4DD2-BB8F-A26F11EC0DD2}.Release|x64.ActiveCfg = Release|x64
		{AF6A820C-72F3-4DD2-BB8F-A26F11EC0DD2}.Release|x64.Build.0 = Release|x64
		{AF6A820C-72F3-4DD2-BB8F-A26F11EC0DD2}.Release|x86.ActiveCfg = Release|Win32
		{AF6A820C-72F3-4DD2-BB8F-A26F11EC0DD2}.Release|x86.Build.0 = Release|Win32
	EndGlobalSection
	GlobalSection(SolutionProperties) = preSolution
		HideSolutionNode = FALSE
	EndGlobalSection
	GlobalSection(ExtensibilityGlobals) = postSolution
		SolutionGuid = {854E49E1-1407-41A9-BF2E-DD0F692826AE}
	EndGlobalSection
EndGlobal
