
Microsoft Visual Studio Solution File, Format Version 12.00
# Visual Studio 15
VisualStudioVersion = 15.0.28307.539
MinimumVisualStudioVersion = 10.0.40219.1
Project("{8BC9CEB8-8B4A-11D0-8D11-00A0C91BC942}") = "19-6-12-1(通讯录)", "19-6-12-1(通讯录)\19-6-12-1(通讯录).vcxproj", "{C77967A9-B8C2-4AC8-A05D-5E61CA3128ED}"
EndProject
Global
	GlobalSection(SolutionConfigurationPlatforms) = preSolution
		Debug|x64 = Debug|x64
		Debug|x86 = Debug|x86
		Release|x64 = Release|x64
		Release|x86 = Release|x86
	EndGlobalSection
	GlobalSection(ProjectConfigurationPlatforms) = postSolution
		{C77967A9-B8C2-4AC8-A05D-5E61CA3128ED}.Debug|x64.ActiveCfg = Debug|x64
		{C77967A9-B8C2-4AC8-A05D-5E61CA3128ED}.Debug|x64.Build.0 = Debug|x64
		{C77967A9-B8C2-4AC8-A05D-5E61CA3128ED}.Debug|x86.ActiveCfg = Debug|Win32
		{C77967A9-B8C2-4AC8-A05D-5E61CA3128ED}.Debug|x86.Build.0 = Debug|Win32
		{C77967A9-B8C2-4AC8-A05D-5E61CA3128ED}.Release|x64.ActiveCfg = Release|x64
		{C77967A9-B8C2-4AC8-A05D-5E61CA3128ED}.Release|x64.Build.0 = Release|x64
		{C77967A9-B8C2-4AC8-A05D-5E61CA3128ED}.Release|x86.ActiveCfg = Release|Win32
		{C77967A9-B8C2-4AC8-A05D-5E61CA3128ED}.Release|x86.Build.0 = Release|Win32
	EndGlobalSection
	GlobalSection(SolutionProperties) = preSolution
		HideSolutionNode = FALSE
	EndGlobalSection
	GlobalSection(ExtensibilityGlobals) = postSolution
		SolutionGuid = {07546E95-3903-4ADB-84E8-86204C8EF90F}
	EndGlobalSection
EndGlobal
