
Microsoft Visual Studio Solution File, Format Version 12.00
# Visual Studio 15
VisualStudioVersion = 15.0.28307.168
MinimumVisualStudioVersion = 10.0.40219.1
Project("{8BC9CEB8-8B4A-11D0-8D11-00A0C91BC942}") = "19-3-28-2（将一个数组逆序排放）", "19-3-28-2（将一个数组逆序排放）\19-3-28-2（将一个数组逆序排放）.vcxproj", "{E10274A3-F08A-4F3F-9D23-FB253D932DB8}"
EndProject
Global
	GlobalSection(SolutionConfigurationPlatforms) = preSolution
		Debug|x64 = Debug|x64
		Debug|x86 = Debug|x86
		Release|x64 = Release|x64
		Release|x86 = Release|x86
	EndGlobalSection
	GlobalSection(ProjectConfigurationPlatforms) = postSolution
		{E10274A3-F08A-4F3F-9D23-FB253D932DB8}.Debug|x64.ActiveCfg = Debug|x64
		{E10274A3-F08A-4F3F-9D23-FB253D932DB8}.Debug|x64.Build.0 = Debug|x64
		{E10274A3-F08A-4F3F-9D23-FB253D932DB8}.Debug|x86.ActiveCfg = Debug|Win32
		{E10274A3-F08A-4F3F-9D23-FB253D932DB8}.Debug|x86.Build.0 = Debug|Win32
		{E10274A3-F08A-4F3F-9D23-FB253D932DB8}.Release|x64.ActiveCfg = Release|x64
		{E10274A3-F08A-4F3F-9D23-FB253D932DB8}.Release|x64.Build.0 = Release|x64
		{E10274A3-F08A-4F3F-9D23-FB253D932DB8}.Release|x86.ActiveCfg = Release|Win32
		{E10274A3-F08A-4F3F-9D23-FB253D932DB8}.Release|x86.Build.0 = Release|Win32
	EndGlobalSection
	GlobalSection(SolutionProperties) = preSolution
		HideSolutionNode = FALSE
	EndGlobalSection
	GlobalSection(ExtensibilityGlobals) = postSolution
		SolutionGuid = {6EB953DD-42E7-413D-B323-34A6C6569CE2}
	EndGlobalSection
EndGlobal
