
Microsoft Visual Studio Solution File, Format Version 12.00
# Visual Studio 15
VisualStudioVersion = 15.0.28307.539
MinimumVisualStudioVersion = 10.0.40219.1
Project("{8BC9CEB8-8B4A-11D0-8D11-00A0C91BC942}") = "19-6-24-1(既能升序, 又能降序的排序函数)", "19-6-24-1(既能升序, 又能降序的排序函数)\19-6-24-1(既能升序, 又能降序的排序函数).vcxproj", "{3A0A801B-5622-4F8B-BE29-9B0DD309C07B}"
EndProject
Global
	GlobalSection(SolutionConfigurationPlatforms) = preSolution
		Debug|x64 = Debug|x64
		Debug|x86 = Debug|x86
		Release|x64 = Release|x64
		Release|x86 = Release|x86
	EndGlobalSection
	GlobalSection(ProjectConfigurationPlatforms) = postSolution
		{3A0A801B-5622-4F8B-BE29-9B0DD309C07B}.Debug|x64.ActiveCfg = Debug|x64
		{3A0A801B-5622-4F8B-BE29-9B0DD309C07B}.Debug|x64.Build.0 = Debug|x64
		{3A0A801B-5622-4F8B-BE29-9B0DD309C07B}.Debug|x86.ActiveCfg = Debug|Win32
		{3A0A801B-5622-4F8B-BE29-9B0DD309C07B}.Debug|x86.Build.0 = Debug|Win32
		{3A0A801B-5622-4F8B-BE29-9B0DD309C07B}.Release|x64.ActiveCfg = Release|x64
		{3A0A801B-5622-4F8B-BE29-9B0DD309C07B}.Release|x64.Build.0 = Release|x64
		{3A0A801B-5622-4F8B-BE29-9B0DD309C07B}.Release|x86.ActiveCfg = Release|Win32
		{3A0A801B-5622-4F8B-BE29-9B0DD309C07B}.Release|x86.Build.0 = Release|Win32
	EndGlobalSection
	GlobalSection(SolutionProperties) = preSolution
		HideSolutionNode = FALSE
	EndGlobalSection
	GlobalSection(ExtensibilityGlobals) = postSolution
		SolutionGuid = {508D1F0D-6613-439D-B0D6-6158DFD82854}
	EndGlobalSection
EndGlobal
