
Microsoft Visual Studio Solution File, Format Version 12.00
# Visual Studio 15
VisualStudioVersion = 15.0.28307.539
MinimumVisualStudioVersion = 10.0.40219.1
Project("{888888A0-9F3D-457C-B088-3A5042F75D52}") = "19-5-1(初试)", "19-5-1(初试).pyproj", "{869EDCDF-162A-40C6-A862-64C8C8818ADB}"
EndProject
Global
	GlobalSection(SolutionConfigurationPlatforms) = preSolution
		Debug|Any CPU = Debug|Any CPU
		Release|Any CPU = Release|Any CPU
	EndGlobalSection
	GlobalSection(ProjectConfigurationPlatforms) = postSolution
		{869EDCDF-162A-40C6-A862-64C8C8818ADB}.Debug|Any CPU.ActiveCfg = Debug|Any CPU
		{869EDCDF-162A-40C6-A862-64C8C8818ADB}.Release|Any CPU.ActiveCfg = Release|Any CPU
	EndGlobalSection
	GlobalSection(SolutionProperties) = preSolution
		HideSolutionNode = FALSE
	EndGlobalSection
	GlobalSection(ExtensibilityGlobals) = postSolution
		SolutionGuid = {5E2B339C-673C-4DDE-9437-EB54C03F02E9}
	EndGlobalSection
EndGlobal
