
Microsoft Visual Studio Solution File, Format Version 12.00
# Visual Studio 15
VisualStudioVersion = 15.0.28307.539
MinimumVisualStudioVersion = 10.0.40219.1
Project("{8BC9CEB8-8B4A-11D0-8D11-00A0C91BC942}") = "19-5-6-2(将n个数按照输入顺序的逆序排列, 用函数实现.(指针方法处理) )", "19-5-6-2(将n个数按照输入顺序的逆序排列, 用函数实现.(指针方法处理) )\19-5-6-2(将n个数按照输入顺序的逆序排列, 用函数实现.(指针方法处理) ).vcxproj", "{A63EEC05-DBDB-461D-91E2-4390ED7C8FC8}"
EndProject
Global
	GlobalSection(SolutionConfigurationPlatforms) = preSolution
		Debug|x64 = Debug|x64
		Debug|x86 = Debug|x86
		Release|x64 = Release|x64
		Release|x86 = Release|x86
	EndGlobalSection
	GlobalSection(ProjectConfigurationPlatforms) = postSolution
		{A63EEC05-DBDB-461D-91E2-4390ED7C8FC8}.Debug|x64.ActiveCfg = Debug|x64
		{A63EEC05-DBDB-461D-91E2-4390ED7C8FC8}.Debug|x64.Build.0 = Debug|x64
		{A63EEC05-DBDB-461D-91E2-4390ED7C8FC8}.Debug|x86.ActiveCfg = Debug|Win32
		{A63EEC05-DBDB-461D-91E2-4390ED7C8FC8}.Debug|x86.Build.0 = Debug|Win32
		{A63EEC05-DBDB-461D-91E2-4390ED7C8FC8}.Release|x64.ActiveCfg = Release|x64
		{A63EEC05-DBDB-461D-91E2-4390ED7C8FC8}.Release|x64.Build.0 = Release|x64
		{A63EEC05-DBDB-461D-91E2-4390ED7C8FC8}.Release|x86.ActiveCfg = Release|Win32
		{A63EEC05-DBDB-461D-91E2-4390ED7C8FC8}.Release|x86.Build.0 = Release|Win32
	EndGlobalSection
	GlobalSection(SolutionProperties) = preSolution
		HideSolutionNode = FALSE
	EndGlobalSection
	GlobalSection(ExtensibilityGlobals) = postSolution
		SolutionGuid = {F6656EBE-0D00-4543-A2B9-F03354C720AD}
	EndGlobalSection
EndGlobal
