
Microsoft Visual Studio Solution File, Format Version 12.00
# Visual Studio 15
VisualStudioVersion = 15.0.28307.539
MinimumVisualStudioVersion = 10.0.40219.1
Project("{8BC9CEB8-8B4A-11D0-8D11-00A0C91BC942}") = "19-4-23-3(输入年月日,判断这一天是是这一年的第几天)", "19-4-23-3(输入年月日,判断这一天是是这一年的第几天).vcxproj", "{2732FED2-C79E-4A62-9452-36A28F0D4DAF}"
EndProject
Global
	GlobalSection(SolutionConfigurationPlatforms) = preSolution
		Debug|x64 = Debug|x64
		Debug|x86 = Debug|x86
		Release|x64 = Release|x64
		Release|x86 = Release|x86
	EndGlobalSection
	GlobalSection(ProjectConfigurationPlatforms) = postSolution
		{2732FED2-C79E-4A62-9452-36A28F0D4DAF}.Debug|x64.ActiveCfg = Debug|x64
		{2732FED2-C79E-4A62-9452-36A28F0D4DAF}.Debug|x64.Build.0 = Debug|x64
		{2732FED2-C79E-4A62-9452-36A28F0D4DAF}.Debug|x86.ActiveCfg = Debug|Win32
		{2732FED2-C79E-4A62-9452-36A28F0D4DAF}.Debug|x86.Build.0 = Debug|Win32
		{2732FED2-C79E-4A62-9452-36A28F0D4DAF}.Release|x64.ActiveCfg = Release|x64
		{2732FED2-C79E-4A62-9452-36A28F0D4DAF}.Release|x64.Build.0 = Release|x64
		{2732FED2-C79E-4A62-9452-36A28F0D4DAF}.Release|x86.ActiveCfg = Release|Win32
		{2732FED2-C79E-4A62-9452-36A28F0D4DAF}.Release|x86.Build.0 = Release|Win32
	EndGlobalSection
	GlobalSection(SolutionProperties) = preSolution
		HideSolutionNode = FALSE
	EndGlobalSection
	GlobalSection(ExtensibilityGlobals) = postSolution
		SolutionGuid = {864B3303-4E94-4C31-9246-87F99E1526DF}
	EndGlobalSection
EndGlobal
