
Microsoft Visual Studio Solution File, Format Version 12.00
# Visual Studio 15
VisualStudioVersion = 15.0.28307.539
MinimumVisualStudioVersion = 10.0.40219.1
Project("{8BC9CEB8-8B4A-11D0-8D11-00A0C91BC942}") = "19-4-19-1（调整数组使奇数全部都位于偶数前面。 ）", "19-4-19-1（调整数组使奇数全部都位于偶数前面。 ）.vcxproj", "{E54297CB-DEB1-4150-A829-343E40F61E50}"
EndProject
Global
	GlobalSection(SolutionConfigurationPlatforms) = preSolution
		Debug|x64 = Debug|x64
		Debug|x86 = Debug|x86
		Release|x64 = Release|x64
		Release|x86 = Release|x86
	EndGlobalSection
	GlobalSection(ProjectConfigurationPlatforms) = postSolution
		{E54297CB-DEB1-4150-A829-343E40F61E50}.Debug|x64.ActiveCfg = Debug|x64
		{E54297CB-DEB1-4150-A829-343E40F61E50}.Debug|x64.Build.0 = Debug|x64
		{E54297CB-DEB1-4150-A829-343E40F61E50}.Debug|x86.ActiveCfg = Debug|Win32
		{E54297CB-DEB1-4150-A829-343E40F61E50}.Debug|x86.Build.0 = Debug|Win32
		{E54297CB-DEB1-4150-A829-343E40F61E50}.Release|x64.ActiveCfg = Release|x64
		{E54297CB-DEB1-4150-A829-343E40F61E50}.Release|x64.Build.0 = Release|x64
		{E54297CB-DEB1-4150-A829-343E40F61E50}.Release|x86.ActiveCfg = Release|Win32
		{E54297CB-DEB1-4150-A829-343E40F61E50}.Release|x86.Build.0 = Release|Win32
	EndGlobalSection
	GlobalSection(SolutionProperties) = preSolution
		HideSolutionNode = FALSE
	EndGlobalSection
	GlobalSection(ExtensibilityGlobals) = postSolution
		SolutionGuid = {4749CCF9-87C5-4176-9A9A-752E5EFF4FBE}
	EndGlobalSection
EndGlobal
