
Microsoft Visual Studio Solution File, Format Version 12.00
# Visual Studio 15
VisualStudioVersion = 15.0.28307.539
MinimumVisualStudioVersion = 10.0.40219.1
Project("{8BC9CEB8-8B4A-11D0-8D11-00A0C91BC942}") = "2019-8-26(归并排序)", "2019-8-26(归并排序)\2019-8-26(归并排序).vcxproj", "{5444C8A1-6075-47C1-A512-4C5882879BCA}"
EndProject
Global
	GlobalSection(SolutionConfigurationPlatforms) = preSolution
		Debug|x64 = Debug|x64
		Debug|x86 = Debug|x86
		Release|x64 = Release|x64
		Release|x86 = Release|x86
	EndGlobalSection
	GlobalSection(ProjectConfigurationPlatforms) = postSolution
		{5444C8A1-6075-47C1-A512-4C5882879BCA}.Debug|x64.ActiveCfg = Debug|x64
		{5444C8A1-6075-47C1-A512-4C5882879BCA}.Debug|x64.Build.0 = Debug|x64
		{5444C8A1-6075-47C1-A512-4C5882879BCA}.Debug|x86.ActiveCfg = Debug|Win32
		{5444C8A1-6075-47C1-A512-4C5882879BCA}.Debug|x86.Build.0 = Debug|Win32
		{5444C8A1-6075-47C1-A512-4C5882879BCA}.Release|x64.ActiveCfg = Release|x64
		{5444C8A1-6075-47C1-A512-4C5882879BCA}.Release|x64.Build.0 = Release|x64
		{5444C8A1-6075-47C1-A512-4C5882879BCA}.Release|x86.ActiveCfg = Release|Win32
		{5444C8A1-6075-47C1-A512-4C5882879BCA}.Release|x86.Build.0 = Release|Win32
	EndGlobalSection
	GlobalSection(SolutionProperties) = preSolution
		HideSolutionNode = FALSE
	EndGlobalSection
	GlobalSection(ExtensibilityGlobals) = postSolution
		SolutionGuid = {EEC424A1-B259-42EC-93EA-97A08223B522}
	EndGlobalSection
EndGlobal
