
Microsoft Visual Studio Solution File, Format Version 12.00
# Visual Studio 15
VisualStudioVersion = 15.0.28307.539
MinimumVisualStudioVersion = 10.0.40219.1
Project("{8BC9CEB8-8B4A-11D0-8D11-00A0C91BC942}") = "19-17-1(堆排求第n个大小)", "19-17-1(堆排求第n个大小)\19-17-1(堆排求第n个大小).vcxproj", "{DA90C4DE-5863-4898-A9EE-484126635D55}"
EndProject
Global
	GlobalSection(SolutionConfigurationPlatforms) = preSolution
		Debug|x64 = Debug|x64
		Debug|x86 = Debug|x86
		Release|x64 = Release|x64
		Release|x86 = Release|x86
	EndGlobalSection
	GlobalSection(ProjectConfigurationPlatforms) = postSolution
		{DA90C4DE-5863-4898-A9EE-484126635D55}.Debug|x64.ActiveCfg = Debug|x64
		{DA90C4DE-5863-4898-A9EE-484126635D55}.Debug|x64.Build.0 = Debug|x64
		{DA90C4DE-5863-4898-A9EE-484126635D55}.Debug|x86.ActiveCfg = Debug|Win32
		{DA90C4DE-5863-4898-A9EE-484126635D55}.Debug|x86.Build.0 = Debug|Win32
		{DA90C4DE-5863-4898-A9EE-484126635D55}.Release|x64.ActiveCfg = Release|x64
		{DA90C4DE-5863-4898-A9EE-484126635D55}.Release|x64.Build.0 = Release|x64
		{DA90C4DE-5863-4898-A9EE-484126635D55}.Release|x86.ActiveCfg = Release|Win32
		{DA90C4DE-5863-4898-A9EE-484126635D55}.Release|x86.Build.0 = Release|Win32
	EndGlobalSection
	GlobalSection(SolutionProperties) = preSolution
		HideSolutionNode = FALSE
	EndGlobalSection
	GlobalSection(ExtensibilityGlobals) = postSolution
		SolutionGuid = {F4A95031-E03A-46CC-BD73-18010DBF181A}
	EndGlobalSection
EndGlobal
