
Microsoft Visual Studio Solution File, Format Version 12.00
# Visual Studio 15
VisualStudioVersion = 15.0.28307.539
MinimumVisualStudioVersion = 10.0.40219.1
Project("{8BC9CEB8-8B4A-11D0-8D11-00A0C91BC942}") = "19-5-7-2(输入月份,输出英文)", "19-5-7-2(输入月份,输出英文)\19-5-7-2(输入月份,输出英文).vcxproj", "{75687172-5771-49E4-ABF8-2DB95F28EE52}"
EndProject
Global
	GlobalSection(SolutionConfigurationPlatforms) = preSolution
		Debug|x64 = Debug|x64
		Debug|x86 = Debug|x86
		Release|x64 = Release|x64
		Release|x86 = Release|x86
	EndGlobalSection
	GlobalSection(ProjectConfigurationPlatforms) = postSolution
		{75687172-5771-49E4-ABF8-2DB95F28EE52}.Debug|x64.ActiveCfg = Debug|x64
		{75687172-5771-49E4-ABF8-2DB95F28EE52}.Debug|x64.Build.0 = Debug|x64
		{75687172-5771-49E4-ABF8-2DB95F28EE52}.Debug|x86.ActiveCfg = Debug|Win32
		{75687172-5771-49E4-ABF8-2DB95F28EE52}.Debug|x86.Build.0 = Debug|Win32
		{75687172-5771-49E4-ABF8-2DB95F28EE52}.Release|x64.ActiveCfg = Release|x64
		{75687172-5771-49E4-ABF8-2DB95F28EE52}.Release|x64.Build.0 = Release|x64
		{75687172-5771-49E4-ABF8-2DB95F28EE52}.Release|x86.ActiveCfg = Release|Win32
		{75687172-5771-49E4-ABF8-2DB95F28EE52}.Release|x86.Build.0 = Release|Win32
	EndGlobalSection
	GlobalSection(SolutionProperties) = preSolution
		HideSolutionNode = FALSE
	EndGlobalSection
	GlobalSection(ExtensibilityGlobals) = postSolution
		SolutionGuid = {90A73E66-5459-4C99-AEA8-F8D16FF72764}
	EndGlobalSection
EndGlobal
