
Microsoft Visual Studio Solution File, Format Version 12.00
# Visual Studio 15
VisualStudioVersion = 15.0.28307.539
MinimumVisualStudioVersion = 10.0.40219.1
Project("{8BC9CEB8-8B4A-11D0-8D11-00A0C91BC942}") = "19-4-24-1(布斯算法)", "19-4-24-1(布斯算法).vcxproj", "{039942A6-D381-46F1-BFCA-F56A5BE4A069}"
EndProject
Global
	GlobalSection(SolutionConfigurationPlatforms) = preSolution
		Debug|x64 = Debug|x64
		Debug|x86 = Debug|x86
		Release|x64 = Release|x64
		Release|x86 = Release|x86
	EndGlobalSection
	GlobalSection(ProjectConfigurationPlatforms) = postSolution
		{039942A6-D381-46F1-BFCA-F56A5BE4A069}.Debug|x64.ActiveCfg = Debug|x64
		{039942A6-D381-46F1-BFCA-F56A5BE4A069}.Debug|x64.Build.0 = Debug|x64
		{039942A6-D381-46F1-BFCA-F56A5BE4A069}.Debug|x86.ActiveCfg = Debug|Win32
		{039942A6-D381-46F1-BFCA-F56A5BE4A069}.Debug|x86.Build.0 = Debug|Win32
		{039942A6-D381-46F1-BFCA-F56A5BE4A069}.Release|x64.ActiveCfg = Release|x64
		{039942A6-D381-46F1-BFCA-F56A5BE4A069}.Release|x64.Build.0 = Release|x64
		{039942A6-D381-46F1-BFCA-F56A5BE4A069}.Release|x86.ActiveCfg = Release|Win32
		{039942A6-D381-46F1-BFCA-F56A5BE4A069}.Release|x86.Build.0 = Release|Win32
	EndGlobalSection
	GlobalSection(SolutionProperties) = preSolution
		HideSolutionNode = FALSE
	EndGlobalSection
	GlobalSection(ExtensibilityGlobals) = postSolution
		SolutionGuid = {698C9A6B-5FC3-48E3-8DFA-239FB5D4E3CA}
	EndGlobalSection
EndGlobal
