
Microsoft Visual Studio Solution File, Format Version 12.00
# Visual Studio 15
VisualStudioVersion = 15.0.28307.539
MinimumVisualStudioVersion = 10.0.40219.1
Project("{8BC9CEB8-8B4A-11D0-8D11-00A0C91BC942}") = "19-5-29-5(实现strchr())", "19-5-29-5(实现strchr())\19-5-29-5(实现strchr()).vcxproj", "{6D1DA0B9-91EC-423F-9D4D-1B4041CD2BDA}"
EndProject
Global
	GlobalSection(SolutionConfigurationPlatforms) = preSolution
		Debug|x64 = Debug|x64
		Debug|x86 = Debug|x86
		Release|x64 = Release|x64
		Release|x86 = Release|x86
	EndGlobalSection
	GlobalSection(ProjectConfigurationPlatforms) = postSolution
		{6D1DA0B9-91EC-423F-9D4D-1B4041CD2BDA}.Debug|x64.ActiveCfg = Debug|x64
		{6D1DA0B9-91EC-423F-9D4D-1B4041CD2BDA}.Debug|x64.Build.0 = Debug|x64
		{6D1DA0B9-91EC-423F-9D4D-1B4041CD2BDA}.Debug|x86.ActiveCfg = Debug|Win32
		{6D1DA0B9-91EC-423F-9D4D-1B4041CD2BDA}.Debug|x86.Build.0 = Debug|Win32
		{6D1DA0B9-91EC-423F-9D4D-1B4041CD2BDA}.Release|x64.ActiveCfg = Release|x64
		{6D1DA0B9-91EC-423F-9D4D-1B4041CD2BDA}.Release|x64.Build.0 = Release|x64
		{6D1DA0B9-91EC-423F-9D4D-1B4041CD2BDA}.Release|x86.ActiveCfg = Release|Win32
		{6D1DA0B9-91EC-423F-9D4D-1B4041CD2BDA}.Release|x86.Build.0 = Release|Win32
	EndGlobalSection
	GlobalSection(SolutionProperties) = preSolution
		HideSolutionNode = FALSE
	EndGlobalSection
	GlobalSection(ExtensibilityGlobals) = postSolution
		SolutionGuid = {B1F8EBF5-6C46-49CA-8ED6-D208381CC4AE}
	EndGlobalSection
EndGlobal
