
Microsoft Visual Studio Solution File, Format Version 12.00
# Visual Studio 15
VisualStudioVersion = 15.0.28307.539
MinimumVisualStudioVersion = 10.0.40219.1
Project("{8BC9CEB8-8B4A-11D0-8D11-00A0C91BC942}") = "8.15上课", "8.15上课\8.15上课.vcxproj", "{8A05CBDE-DA3A-4C71-8A83-0211EFD3E91F}"
EndProject
Global
	GlobalSection(SolutionConfigurationPlatforms) = preSolution
		Debug|x64 = Debug|x64
		Debug|x86 = Debug|x86
		Release|x64 = Release|x64
		Release|x86 = Release|x86
	EndGlobalSection
	GlobalSection(ProjectConfigurationPlatforms) = postSolution
		{8A05CBDE-DA3A-4C71-8A83-0211EFD3E91F}.Debug|x64.ActiveCfg = Debug|x64
		{8A05CBDE-DA3A-4C71-8A83-0211EFD3E91F}.Debug|x64.Build.0 = Debug|x64
		{8A05CBDE-DA3A-4C71-8A83-0211EFD3E91F}.Debug|x86.ActiveCfg = Debug|Win32
		{8A05CBDE-DA3A-4C71-8A83-0211EFD3E91F}.Debug|x86.Build.0 = Debug|Win32
		{8A05CBDE-DA3A-4C71-8A83-0211EFD3E91F}.Release|x64.ActiveCfg = Release|x64
		{8A05CBDE-DA3A-4C71-8A83-0211EFD3E91F}.Release|x64.Build.0 = Release|x64
		{8A05CBDE-DA3A-4C71-8A83-0211EFD3E91F}.Release|x86.ActiveCfg = Release|Win32
		{8A05CBDE-DA3A-4C71-8A83-0211EFD3E91F}.Release|x86.Build.0 = Release|Win32
	EndGlobalSection
	GlobalSection(SolutionProperties) = preSolution
		HideSolutionNode = FALSE
	EndGlobalSection
	GlobalSection(ExtensibilityGlobals) = postSolution
		SolutionGuid = {798C3DF8-EF22-499D-B114-9E549DEBB806}
	EndGlobalSection
EndGlobal
