
Microsoft Visual Studio Solution File, Format Version 12.00
# Visual Studio 15
VisualStudioVersion = 15.0.28307.168
MinimumVisualStudioVersion = 10.0.40219.1
Project("{8BC9CEB8-8B4A-11D0-8D11-00A0C91BC942}") = "19-3-23-1奖金", "19-3-23-1奖金\19-3-23-1奖金.vcxproj", "{441B235F-1FE9-4151-8E1B-E59D3E766014}"
EndProject
Global
	GlobalSection(SolutionConfigurationPlatforms) = preSolution
		Debug|x64 = Debug|x64
		Debug|x86 = Debug|x86
		Release|x64 = Release|x64
		Release|x86 = Release|x86
	EndGlobalSection
	GlobalSection(ProjectConfigurationPlatforms) = postSolution
		{441B235F-1FE9-4151-8E1B-E59D3E766014}.Debug|x64.ActiveCfg = Debug|x64
		{441B235F-1FE9-4151-8E1B-E59D3E766014}.Debug|x64.Build.0 = Debug|x64
		{441B235F-1FE9-4151-8E1B-E59D3E766014}.Debug|x86.ActiveCfg = Debug|Win32
		{441B235F-1FE9-4151-8E1B-E59D3E766014}.Debug|x86.Build.0 = Debug|Win32
		{441B235F-1FE9-4151-8E1B-E59D3E766014}.Release|x64.ActiveCfg = Release|x64
		{441B235F-1FE9-4151-8E1B-E59D3E766014}.Release|x64.Build.0 = Release|x64
		{441B235F-1FE9-4151-8E1B-E59D3E766014}.Release|x86.ActiveCfg = Release|Win32
		{441B235F-1FE9-4151-8E1B-E59D3E766014}.Release|x86.Build.0 = Release|Win32
	EndGlobalSection
	GlobalSection(SolutionProperties) = preSolution
		HideSolutionNode = FALSE
	EndGlobalSection
	GlobalSection(ExtensibilityGlobals) = postSolution
		SolutionGuid = {B2AEFAB7-FEA9-4F05-BF3B-63BABF32D17D}
	EndGlobalSection
EndGlobal
