
Microsoft Visual Studio Solution File, Format Version 12.00
# Visual Studio 15
VisualStudioVersion = 15.0.28307.539
MinimumVisualStudioVersion = 10.0.40219.1
Project("{8BC9CEB8-8B4A-11D0-8D11-00A0C91BC942}") = "19-5-5-1-(将一个5乘5矩阵中最大的数放在中心,四个角分别放最小的,函数实现,指针方式)", "19-5-5-1-(将一个5乘5矩阵中最大的数放在中心,四个角分别放最小的,函数实现,指针方式)\19-5-5-1-(将一个5乘5矩阵中最大的数放在中心,四个角分别放最小的,函数实现,指针方式).vcxproj", "{B1CA50CC-C4F4-4861-A9C1-846F28A6DBF2}"
EndProject
Global
	GlobalSection(SolutionConfigurationPlatforms) = preSolution
		Debug|x64 = Debug|x64
		Debug|x86 = Debug|x86
		Release|x64 = Release|x64
		Release|x86 = Release|x86
	EndGlobalSection
	GlobalSection(ProjectConfigurationPlatforms) = postSolution
		{B1CA50CC-C4F4-4861-A9C1-846F28A6DBF2}.Debug|x64.ActiveCfg = Debug|x64
		{B1CA50CC-C4F4-4861-A9C1-846F28A6DBF2}.Debug|x64.Build.0 = Debug|x64
		{B1CA50CC-C4F4-4861-A9C1-846F28A6DBF2}.Debug|x86.ActiveCfg = Debug|Win32
		{B1CA50CC-C4F4-4861-A9C1-846F28A6DBF2}.Debug|x86.Build.0 = Debug|Win32
		{B1CA50CC-C4F4-4861-A9C1-846F28A6DBF2}.Release|x64.ActiveCfg = Release|x64
		{B1CA50CC-C4F4-4861-A9C1-846F28A6DBF2}.Release|x64.Build.0 = Release|x64
		{B1CA50CC-C4F4-4861-A9C1-846F28A6DBF2}.Release|x86.ActiveCfg = Release|Win32
		{B1CA50CC-C4F4-4861-A9C1-846F28A6DBF2}.Release|x86.Build.0 = Release|Win32
	EndGlobalSection
	GlobalSection(SolutionProperties) = preSolution
		HideSolutionNode = FALSE
	EndGlobalSection
	GlobalSection(ExtensibilityGlobals) = postSolution
		SolutionGuid = {12A2EB5D-AC99-4246-827B-00E0E47A866B}
	EndGlobalSection
EndGlobal
