
Microsoft Visual Studio Solution File, Format Version 12.00
# Visual Studio 15
VisualStudioVersion = 15.0.28307.539
MinimumVisualStudioVersion = 10.0.40219.1
Project("{8BC9CEB8-8B4A-11D0-8D11-00A0C91BC942}") = "19-5-3-1(有ng个人围成一圈,顺序排号,从第一个人开始报数,凡是报道三的人退出圈子,问最后留下的是原来的记号)", "19-5-3-1(有ng个人围成一圈,顺序排号,从第一个人开始报数,凡是报道三的人退出圈子,问最后留下的是原来的记号).vcxproj", "{001304EE-70AD-45B1-94E0-0130BA0DA757}"
EndProject
Global
	GlobalSection(SolutionConfigurationPlatforms) = preSolution
		Debug|x64 = Debug|x64
		Debug|x86 = Debug|x86
		Release|x64 = Release|x64
		Release|x86 = Release|x86
	EndGlobalSection
	GlobalSection(ProjectConfigurationPlatforms) = postSolution
		{001304EE-70AD-45B1-94E0-0130BA0DA757}.Debug|x64.ActiveCfg = Debug|x64
		{001304EE-70AD-45B1-94E0-0130BA0DA757}.Debug|x64.Build.0 = Debug|x64
		{001304EE-70AD-45B1-94E0-0130BA0DA757}.Debug|x86.ActiveCfg = Debug|Win32
		{001304EE-70AD-45B1-94E0-0130BA0DA757}.Debug|x86.Build.0 = Debug|Win32
		{001304EE-70AD-45B1-94E0-0130BA0DA757}.Release|x64.ActiveCfg = Release|x64
		{001304EE-70AD-45B1-94E0-0130BA0DA757}.Release|x64.Build.0 = Release|x64
		{001304EE-70AD-45B1-94E0-0130BA0DA757}.Release|x86.ActiveCfg = Release|Win32
		{001304EE-70AD-45B1-94E0-0130BA0DA757}.Release|x86.Build.0 = Release|Win32
	EndGlobalSection
	GlobalSection(SolutionProperties) = preSolution
		HideSolutionNode = FALSE
	EndGlobalSection
	GlobalSection(ExtensibilityGlobals) = postSolution
		SolutionGuid = {2DCCC255-B6BA-44CB-98D6-4638BEECA386}
	EndGlobalSection
EndGlobal
