
Microsoft Visual Studio Solution File, Format Version 12.00
# Visual Studio 15
VisualStudioVersion = 15.0.28307.539
MinimumVisualStudioVersion = 10.0.40219.1
Project("{8BC9CEB8-8B4A-11D0-8D11-00A0C91BC942}") = "19-4-12-2（将两个字符串连接起来，不用sttcat）", "19-4-12-2（将两个字符串连接起来，不用sttcat）\19-4-12-2（将两个字符串连接起来，不用sttcat）.vcxproj", "{E153692A-E70B-4762-AAE8-C099CA2F3A61}"
EndProject
Global
	GlobalSection(SolutionConfigurationPlatforms) = preSolution
		Debug|x64 = Debug|x64
		Debug|x86 = Debug|x86
		Release|x64 = Release|x64
		Release|x86 = Release|x86
	EndGlobalSection
	GlobalSection(ProjectConfigurationPlatforms) = postSolution
		{E153692A-E70B-4762-AAE8-C099CA2F3A61}.Debug|x64.ActiveCfg = Debug|x64
		{E153692A-E70B-4762-AAE8-C099CA2F3A61}.Debug|x64.Build.0 = Debug|x64
		{E153692A-E70B-4762-AAE8-C099CA2F3A61}.Debug|x86.ActiveCfg = Debug|Win32
		{E153692A-E70B-4762-AAE8-C099CA2F3A61}.Debug|x86.Build.0 = Debug|Win32
		{E153692A-E70B-4762-AAE8-C099CA2F3A61}.Release|x64.ActiveCfg = Release|x64
		{E153692A-E70B-4762-AAE8-C099CA2F3A61}.Release|x64.Build.0 = Release|x64
		{E153692A-E70B-4762-AAE8-C099CA2F3A61}.Release|x86.ActiveCfg = Release|Win32
		{E153692A-E70B-4762-AAE8-C099CA2F3A61}.Release|x86.Build.0 = Release|Win32
	EndGlobalSection
	GlobalSection(SolutionProperties) = preSolution
		HideSolutionNode = FALSE
	EndGlobalSection
	GlobalSection(ExtensibilityGlobals) = postSolution
		SolutionGuid = {71536B85-7928-447E-9963-BD6FCF766D93}
	EndGlobalSection
EndGlobal
