
Microsoft Visual Studio Solution File, Format Version 12.00
# Visual Studio 15
VisualStudioVersion = 15.0.28307.539
MinimumVisualStudioVersion = 10.0.40219.1
Project("{8BC9CEB8-8B4A-11D0-8D11-00A0C91BC942}") = "19-4-9-4（递归将参数字符串中的字符反向排列。）", "19-4-9-4（递归将参数字符串中的字符反向排列。）\19-4-9-4（递归将参数字符串中的字符反向排列。）.vcxproj", "{AFE4DFE3-D69D-465D-B281-1D633C2CCCDE}"
EndProject
Global
	GlobalSection(SolutionConfigurationPlatforms) = preSolution
		Debug|x64 = Debug|x64
		Debug|x86 = Debug|x86
		Release|x64 = Release|x64
		Release|x86 = Release|x86
	EndGlobalSection
	GlobalSection(ProjectConfigurationPlatforms) = postSolution
		{AFE4DFE3-D69D-465D-B281-1D633C2CCCDE}.Debug|x64.ActiveCfg = Debug|x64
		{AFE4DFE3-D69D-465D-B281-1D633C2CCCDE}.Debug|x64.Build.0 = Debug|x64
		{AFE4DFE3-D69D-465D-B281-1D633C2CCCDE}.Debug|x86.ActiveCfg = Debug|Win32
		{AFE4DFE3-D69D-465D-B281-1D633C2CCCDE}.Debug|x86.Build.0 = Debug|Win32
		{AFE4DFE3-D69D-465D-B281-1D633C2CCCDE}.Release|x64.ActiveCfg = Release|x64
		{AFE4DFE3-D69D-465D-B281-1D633C2CCCDE}.Release|x64.Build.0 = Release|x64
		{AFE4DFE3-D69D-465D-B281-1D633C2CCCDE}.Release|x86.ActiveCfg = Release|Win32
		{AFE4DFE3-D69D-465D-B281-1D633C2CCCDE}.Release|x86.Build.0 = Release|Win32
	EndGlobalSection
	GlobalSection(SolutionProperties) = preSolution
		HideSolutionNode = FALSE
	EndGlobalSection
	GlobalSection(ExtensibilityGlobals) = postSolution
		SolutionGuid = {0AFB9A18-FD44-487B-8217-39D2BCAC16FA}
	EndGlobalSection
EndGlobal
