
Microsoft Visual Studio Solution File, Format Version 12.00
# Visual Studio 15
VisualStudioVersion = 15.0.28307.539
MinimumVisualStudioVersion = 10.0.40219.1
Project("{8BC9CEB8-8B4A-11D0-8D11-00A0C91BC942}") = "19-5-15-2（键盘输入一个字符串,保存到test文件中）", "19-5-15-2（键盘输入一个字符串,保存到test文件中）\19-5-15-2（键盘输入一个字符串,保存到test文件中）.vcxproj", "{49D35AE4-1785-4E26-BE12-F53A11E4096D}"
EndProject
Global
	GlobalSection(SolutionConfigurationPlatforms) = preSolution
		Debug|x64 = Debug|x64
		Debug|x86 = Debug|x86
		Release|x64 = Release|x64
		Release|x86 = Release|x86
	EndGlobalSection
	GlobalSection(ProjectConfigurationPlatforms) = postSolution
		{49D35AE4-1785-4E26-BE12-F53A11E4096D}.Debug|x64.ActiveCfg = Debug|x64
		{49D35AE4-1785-4E26-BE12-F53A11E4096D}.Debug|x64.Build.0 = Debug|x64
		{49D35AE4-1785-4E26-BE12-F53A11E4096D}.Debug|x86.ActiveCfg = Debug|Win32
		{49D35AE4-1785-4E26-BE12-F53A11E4096D}.Debug|x86.Build.0 = Debug|Win32
		{49D35AE4-1785-4E26-BE12-F53A11E4096D}.Release|x64.ActiveCfg = Release|x64
		{49D35AE4-1785-4E26-BE12-F53A11E4096D}.Release|x64.Build.0 = Release|x64
		{49D35AE4-1785-4E26-BE12-F53A11E4096D}.Release|x86.ActiveCfg = Release|Win32
		{49D35AE4-1785-4E26-BE12-F53A11E4096D}.Release|x86.Build.0 = Release|Win32
	EndGlobalSection
	GlobalSection(SolutionProperties) = preSolution
		HideSolutionNode = FALSE
	EndGlobalSection
	GlobalSection(ExtensibilityGlobals) = postSolution
		SolutionGuid = {7B39EFCB-DEE0-4FE3-A854-27B48DCDA964}
	EndGlobalSection
EndGlobal
